
Microsoft Visual Studio Solution File, Format Version 12.00
# Visual Studio Version 16
VisualStudioVersion = 16.0.28803.202
MinimumVisualStudioVersion = 10.0.40219.1
Project("{9A19103F-16F7-4668-BE54-9A1E7A4F7556}") = "x_srv", "x_srv.csproj", "{4F0EEAFA-9EDC-43A3-80D2-CA85EDCDED8F}"
EndProject
Project("{9A19103F-16F7-4668-BE54-9A1E7A4F7556}") = "DataCore", "..\DataCore\DataCore.csproj", "{151D44EE-AEDF-4100-8926-7F216FFEA56F}"
EndProject
Project("{9A19103F-16F7-4668-BE54-9A1E7A4F7556}") = "MySys.Identity", "..\MySys.Identity\MySys.Identity.csproj", "{BC206C9C-9327-4C71-BA25-572A8242EE02}"
EndProject
Project("{9A19103F-16F7-4668-BE54-9A1E7A4F7556}") = "MySys.Common", "..\MySys.Common\MySys.Common.csproj", "{8EFA06C4-826A-4132-9E30-083555C174B1}"
EndProject
Global
	GlobalSection(SolutionConfigurationPlatforms) = preSolution
		Debug|Any CPU = Debug|Any CPU
		Release|Any CPU = Release|Any CPU
	EndGlobalSection
	GlobalSection(ProjectConfigurationPlatforms) = postSolution
		{4F0EEAFA-9EDC-43A3-80D2-CA85EDCDED8F}.Debug|Any CPU.ActiveCfg = Debug|Any CPU
		{4F0EEAFA-9EDC-43A3-80D2-CA85EDCDED8F}.Debug|Any CPU.Build.0 = Debug|Any CPU
		{4F0EEAFA-9EDC-43A3-80D2-CA85EDCDED8F}.Release|Any CPU.ActiveCfg = Release|Any CPU
		{4F0EEAFA-9EDC-43A3-80D2-CA85EDCDED8F}.Release|Any CPU.Build.0 = Release|Any CPU
		{151D44EE-AEDF-4100-8926-7F216FFEA56F}.Debug|Any CPU.ActiveCfg = Debug|Any CPU
		{151D44EE-AEDF-4100-8926-7F216FFEA56F}.Debug|Any CPU.Build.0 = Debug|Any CPU
		{151D44EE-AEDF-4100-8926-7F216FFEA56F}.Release|Any CPU.ActiveCfg = Release|Any CPU
		{151D44EE-AEDF-4100-8926-7F216FFEA56F}.Release|Any CPU.Build.0 = Release|Any CPU
		{BC206C9C-9327-4C71-BA25-572A8242EE02}.Debug|Any CPU.ActiveCfg = Debug|Any CPU
		{BC206C9C-9327-4C71-BA25-572A8242EE02}.Debug|Any CPU.Build.0 = Debug|Any CPU
		{BC206C9C-9327-4C71-BA25-572A8242EE02}.Release|Any CPU.ActiveCfg = Release|Any CPU
		{BC206C9C-9327-4C71-BA25-572A8242EE02}.Release|Any CPU.Build.0 = Release|Any CPU
		{8EFA06C4-826A-4132-9E30-083555C174B1}.Debug|Any CPU.ActiveCfg = Debug|Any CPU
		{8EFA06C4-826A-4132-9E30-083555C174B1}.Debug|Any CPU.Build.0 = Debug|Any CPU
		{8EFA06C4-826A-4132-9E30-083555C174B1}.Release|Any CPU.ActiveCfg = Release|Any CPU
		{8EFA06C4-826A-4132-9E30-083555C174B1}.Release|Any CPU.Build.0 = Release|Any CPU
	EndGlobalSection
	GlobalSection(SolutionProperties) = preSolution
		HideSolutionNode = FALSE
	EndGlobalSection
	GlobalSection(ExtensibilityGlobals) = postSolution
		SolutionGuid = {F6D3A288-3F7C-4104-89FD-167FD335FA41}
	EndGlobalSection
EndGlobal
